
Microsoft Visual Studio Solution File, Format Version 12.00
# Visual Studio 15
VisualStudioVersion = 15.0.27130.2036
MinimumVisualStudioVersion = 10.0.40219.1
Project("{9A19103F-16F7-4668-BE54-9A1E7A4F7556}") = "Tmon.Toolkit.Barcode", "Tmon.Toolkit.Barcode\Tmon.Toolkit.Barcode.csproj", "{391BB6B0-68B1-4B73-82AB-2F8BBD4F5B0D}"
EndProject
Project("{FAE04EC0-301F-11D3-BF4B-00C04F79EFBC}") = "Tmon.Toolkit.Barcode.iOS", "Tmon.Toolkit.Barcode.iOS\Tmon.Toolkit.Barcode.iOS.csproj", "{B4D50E45-C1F2-4EB5-A30C-7C86B839345C}"
EndProject
Project("{FAE04EC0-301F-11D3-BF4B-00C04F79EFBC}") = "Tmon.Toolkit.Barcode.Droid", "Tmon.Toolkit.Barcode.Android\Tmon.Toolkit.Barcode.Droid.csproj", "{1ABBA83C-D0DA-4A59-9D3D-A924138B61D8}"
EndProject
Project("{2150E333-8FDC-42A3-9474-1A3956D46DE8}") = "Sample", "Sample", "{528CBF6E-E354-4CED-A348-8F2BF5DC6667}"
EndProject
Project("{9A19103F-16F7-4668-BE54-9A1E7A4F7556}") = "Sample", "Sample\Sample\Sample.csproj", "{54179BB6-39FD-4C9A-A8CD-64E3C593726A}"
EndProject
Project("{FAE04EC0-301F-11D3-BF4B-00C04F79EFBC}") = "Sample.Droid", "Sample\Sample.Android\Sample.Droid.csproj", "{32EE2D70-BFA0-49B1-9E50-A1EE3A57B8A5}"
EndProject
Project("{FAE04EC0-301F-11D3-BF4B-00C04F79EFBC}") = "Sample.iOS", "Sample\Sample.iOS\Sample.iOS.csproj", "{439F3A6B-C17B-4125-A5D7-12BD6CC40173}"
EndProject
Global
	GlobalSection(SolutionConfigurationPlatforms) = preSolution
		Ad-Hoc|Any CPU = Ad-Hoc|Any CPU
		Ad-Hoc|iPhone = Ad-Hoc|iPhone
		Ad-Hoc|iPhoneSimulator = Ad-Hoc|iPhoneSimulator
		AppStore|Any CPU = AppStore|Any CPU
		AppStore|iPhone = AppStore|iPhone
		AppStore|iPhoneSimulator = AppStore|iPhoneSimulator
		Debug|Any CPU = Debug|Any CPU
		Debug|iPhone = Debug|iPhone
		Debug|iPhoneSimulator = Debug|iPhoneSimulator
		Release|Any CPU = Release|Any CPU
		Release|iPhone = Release|iPhone
		Release|iPhoneSimulator = Release|iPhoneSimulator
	EndGlobalSection
	GlobalSection(ProjectConfigurationPlatforms) = postSolution
		{391BB6B0-68B1-4B73-82AB-2F8BBD4F5B0D}.Ad-Hoc|Any CPU.ActiveCfg = Release|Any CPU
		{391BB6B0-68B1-4B73-82AB-2F8BBD4F5B0D}.Ad-Hoc|Any CPU.Build.0 = Release|Any CPU
		{391BB6B0-68B1-4B73-82AB-2F8BBD4F5B0D}.Ad-Hoc|iPhone.ActiveCfg = Release|Any CPU
		{391BB6B0-68B1-4B73-82AB-2F8BBD4F5B0D}.Ad-Hoc|iPhone.Build.0 = Release|Any CPU
		{391BB6B0-68B1-4B73-82AB-2F8BBD4F5B0D}.Ad-Hoc|iPhoneSimulator.ActiveCfg = Release|Any CPU
		{391BB6B0-68B1-4B73-82AB-2F8BBD4F5B0D}.Ad-Hoc|iPhoneSimulator.Build.0 = Release|Any CPU
		{391BB6B0-68B1-4B73-82AB-2F8BBD4F5B0D}.AppStore|Any CPU.ActiveCfg = Release|Any CPU
		{391BB6B0-68B1-4B73-82AB-2F8BBD4F5B0D}.AppStore|Any CPU.Build.0 = Release|Any CPU
		{391BB6B0-68B1-4B73-82AB-2F8BBD4F5B0D}.AppStore|iPhone.ActiveCfg = Release|Any CPU
		{391BB6B0-68B1-4B73-82AB-2F8BBD4F5B0D}.AppStore|iPhone.Build.0 = Release|Any CPU
		{391BB6B0-68B1-4B73-82AB-2F8BBD4F5B0D}.AppStore|iPhoneSimulator.ActiveCfg = Release|Any CPU
		{391BB6B0-68B1-4B73-82AB-2F8BBD4F5B0D}.AppStore|iPhoneSimulator.Build.0 = Release|Any CPU
		{391BB6B0-68B1-4B73-82AB-2F8BBD4F5B0D}.Debug|Any CPU.ActiveCfg = Debug|Any CPU
		{391BB6B0-68B1-4B73-82AB-2F8BBD4F5B0D}.Debug|Any CPU.Build.0 = Debug|Any CPU
		{391BB6B0-68B1-4B73-82AB-2F8BBD4F5B0D}.Debug|iPhone.ActiveCfg = Debug|Any CPU
		{391BB6B0-68B1-4B73-82AB-2F8BBD4F5B0D}.Debug|iPhone.Build.0 = Debug|Any CPU
		{391BB6B0-68B1-4B73-82AB-2F8BBD4F5B0D}.Debug|iPhoneSimulator.ActiveCfg = Debug|Any CPU
		{391BB6B0-68B1-4B73-82AB-2F8BBD4F5B0D}.Debug|iPhoneSimulator.Build.0 = Debug|Any CPU
		{391BB6B0-68B1-4B73-82AB-2F8BBD4F5B0D}.Release|Any CPU.ActiveCfg = Release|Any CPU
		{391BB6B0-68B1-4B73-82AB-2F8BBD4F5B0D}.Release|Any CPU.Build.0 = Release|Any CPU
		{391BB6B0-68B1-4B73-82AB-2F8BBD4F5B0D}.Release|iPhone.ActiveCfg = Release|Any CPU
		{391BB6B0-68B1-4B73-82AB-2F8BBD4F5B0D}.Release|iPhone.Build.0 = Release|Any CPU
		{391BB6B0-68B1-4B73-82AB-2F8BBD4F5B0D}.Release|iPhoneSimulator.ActiveCfg = Release|Any CPU
		{391BB6B0-68B1-4B73-82AB-2F8BBD4F5B0D}.Release|iPhoneSimulator.Build.0 = Release|Any CPU
		{B4D50E45-C1F2-4EB5-A30C-7C86B839345C}.Ad-Hoc|Any CPU.ActiveCfg = Release|Any CPU
		{B4D50E45-C1F2-4EB5-A30C-7C86B839345C}.Ad-Hoc|Any CPU.Build.0 = Release|Any CPU
		{B4D50E45-C1F2-4EB5-A30C-7C86B839345C}.Ad-Hoc|iPhone.ActiveCfg = Release|Any CPU
		{B4D50E45-C1F2-4EB5-A30C-7C86B839345C}.Ad-Hoc|iPhone.Build.0 = Release|Any CPU
		{B4D50E45-C1F2-4EB5-A30C-7C86B839345C}.Ad-Hoc|iPhoneSimulator.ActiveCfg = Release|Any CPU
		{B4D50E45-C1F2-4EB5-A30C-7C86B839345C}.Ad-Hoc|iPhoneSimulator.Build.0 = Release|Any CPU
		{B4D50E45-C1F2-4EB5-A30C-7C86B839345C}.AppStore|Any CPU.ActiveCfg = Release|Any CPU
		{B4D50E45-C1F2-4EB5-A30C-7C86B839345C}.AppStore|Any CPU.Build.0 = Release|Any CPU
		{B4D50E45-C1F2-4EB5-A30C-7C86B839345C}.AppStore|iPhone.ActiveCfg = Release|Any CPU
		{B4D50E45-C1F2-4EB5-A30C-7C86B839345C}.AppStore|iPhone.Build.0 = Release|Any CPU
		{B4D50E45-C1F2-4EB5-A30C-7C86B839345C}.AppStore|iPhoneSimulator.ActiveCfg = Release|Any CPU
		{B4D50E45-C1F2-4EB5-A30C-7C86B839345C}.AppStore|iPhoneSimulator.Build.0 = Release|Any CPU
		{B4D50E45-C1F2-4EB5-A30C-7C86B839345C}.Debug|Any CPU.ActiveCfg = Debug|Any CPU
		{B4D50E45-C1F2-4EB5-A30C-7C86B839345C}.Debug|Any CPU.Build.0 = Debug|Any CPU
		{B4D50E45-C1F2-4EB5-A30C-7C86B839345C}.Debug|iPhone.ActiveCfg = Debug|Any CPU
		{B4D50E45-C1F2-4EB5-A30C-7C86B839345C}.Debug|iPhone.Build.0 = Debug|Any CPU
		{B4D50E45-C1F2-4EB5-A30C-7C86B839345C}.Debug|iPhoneSimulator.ActiveCfg = Debug|Any CPU
		{B4D50E45-C1F2-4EB5-A30C-7C86B839345C}.Debug|iPhoneSimulator.Build.0 = Debug|Any CPU
		{B4D50E45-C1F2-4EB5-A30C-7C86B839345C}.Release|Any CPU.ActiveCfg = Release|Any CPU
		{B4D50E45-C1F2-4EB5-A30C-7C86B839345C}.Release|Any CPU.Build.0 = Release|Any CPU
		{B4D50E45-C1F2-4EB5-A30C-7C86B839345C}.Release|iPhone.ActiveCfg = Release|Any CPU
		{B4D50E45-C1F2-4EB5-A30C-7C86B839345C}.Release|iPhone.Build.0 = Release|Any CPU
		{B4D50E45-C1F2-4EB5-A30C-7C86B839345C}.Release|iPhoneSimulator.ActiveCfg = Release|Any CPU
		{B4D50E45-C1F2-4EB5-A30C-7C86B839345C}.Release|iPhoneSimulator.Build.0 = Release|Any CPU
		{1ABBA83C-D0DA-4A59-9D3D-A924138B61D8}.Ad-Hoc|Any CPU.ActiveCfg = Release|Any CPU
		{1ABBA83C-D0DA-4A59-9D3D-A924138B61D8}.Ad-Hoc|Any CPU.Build.0 = Release|Any CPU
		{1ABBA83C-D0DA-4A59-9D3D-A924138B61D8}.Ad-Hoc|iPhone.ActiveCfg = Release|Any CPU
		{1ABBA83C-D0DA-4A59-9D3D-A924138B61D8}.Ad-Hoc|iPhone.Build.0 = Release|Any CPU
		{1ABBA83C-D0DA-4A59-9D3D-A924138B61D8}.Ad-Hoc|iPhoneSimulator.ActiveCfg = Release|Any CPU
		{1ABBA83C-D0DA-4A59-9D3D-A924138B61D8}.Ad-Hoc|iPhoneSimulator.Build.0 = Release|Any CPU
		{1ABBA83C-D0DA-4A59-9D3D-A924138B61D8}.AppStore|Any CPU.ActiveCfg = Release|Any CPU
		{1ABBA83C-D0DA-4A59-9D3D-A924138B61D8}.AppStore|Any CPU.Build.0 = Release|Any CPU
		{1ABBA83C-D0DA-4A59-9D3D-A924138B61D8}.AppStore|iPhone.ActiveCfg = Release|Any CPU
		{1ABBA83C-D0DA-4A59-9D3D-A924138B61D8}.AppStore|iPhone.Build.0 = Release|Any CPU
		{1ABBA83C-D0DA-4A59-9D3D-A924138B61D8}.AppStore|iPhoneSimulator.ActiveCfg = Release|Any CPU
		{1ABBA83C-D0DA-4A59-9D3D-A924138B61D8}.AppStore|iPhoneSimulator.Build.0 = Release|Any CPU
		{1ABBA83C-D0DA-4A59-9D3D-A924138B61D8}.Debug|Any CPU.ActiveCfg = Debug|Any CPU
		{1ABBA83C-D0DA-4A59-9D3D-A924138B61D8}.Debug|Any CPU.Build.0 = Debug|Any CPU
		{1ABBA83C-D0DA-4A59-9D3D-A924138B61D8}.Debug|iPhone.ActiveCfg = Debug|Any CPU
		{1ABBA83C-D0DA-4A59-9D3D-A924138B61D8}.Debug|iPhone.Build.0 = Debug|Any CPU
		{1ABBA83C-D0DA-4A59-9D3D-A924138B61D8}.Debug|iPhoneSimulator.ActiveCfg = Debug|Any CPU
		{1ABBA83C-D0DA-4A59-9D3D-A924138B61D8}.Debug|iPhoneSimulator.Build.0 = Debug|Any CPU
		{1ABBA83C-D0DA-4A59-9D3D-A924138B61D8}.Release|Any CPU.ActiveCfg = Release|Any CPU
		{1ABBA83C-D0DA-4A59-9D3D-A924138B61D8}.Release|Any CPU.Build.0 = Release|Any CPU
		{1ABBA83C-D0DA-4A59-9D3D-A924138B61D8}.Release|iPhone.ActiveCfg = Release|Any CPU
		{1ABBA83C-D0DA-4A59-9D3D-A924138B61D8}.Release|iPhone.Build.0 = Release|Any CPU
		{1ABBA83C-D0DA-4A59-9D3D-A924138B61D8}.Release|iPhoneSimulator.ActiveCfg = Release|Any CPU
		{1ABBA83C-D0DA-4A59-9D3D-A924138B61D8}.Release|iPhoneSimulator.Build.0 = Release|Any CPU
		{54179BB6-39FD-4C9A-A8CD-64E3C593726A}.Ad-Hoc|Any CPU.ActiveCfg = Debug|Any CPU
		{54179BB6-39FD-4C9A-A8CD-64E3C593726A}.Ad-Hoc|Any CPU.Build.0 = Debug|Any CPU
		{54179BB6-39FD-4C9A-A8CD-64E3C593726A}.Ad-Hoc|iPhone.ActiveCfg = Debug|Any CPU
		{54179BB6-39FD-4C9A-A8CD-64E3C593726A}.Ad-Hoc|iPhone.Build.0 = Debug|Any CPU
		{54179BB6-39FD-4C9A-A8CD-64E3C593726A}.Ad-Hoc|iPhoneSimulator.ActiveCfg = Debug|Any CPU
		{54179BB6-39FD-4C9A-A8CD-64E3C593726A}.Ad-Hoc|iPhoneSimulator.Build.0 = Debug|Any CPU
		{54179BB6-39FD-4C9A-A8CD-64E3C593726A}.AppStore|Any CPU.ActiveCfg = Debug|Any CPU
		{54179BB6-39FD-4C9A-A8CD-64E3C593726A}.AppStore|Any CPU.Build.0 = Debug|Any CPU
		{54179BB6-39FD-4C9A-A8CD-64E3C593726A}.AppStore|iPhone.ActiveCfg = Debug|Any CPU
		{54179BB6-39FD-4C9A-A8CD-64E3C593726A}.AppStore|iPhone.Build.0 = Debug|Any CPU
		{54179BB6-39FD-4C9A-A8CD-64E3C593726A}.AppStore|iPhoneSimulator.ActiveCfg = Debug|Any CPU
		{54179BB6-39FD-4C9A-A8CD-64E3C593726A}.AppStore|iPhoneSimulator.Build.0 = Debug|Any CPU
		{54179BB6-39FD-4C9A-A8CD-64E3C593726A}.Debug|Any CPU.ActiveCfg = Debug|Any CPU
		{54179BB6-39FD-4C9A-A8CD-64E3C593726A}.Debug|Any CPU.Build.0 = Debug|Any CPU
		{54179BB6-39FD-4C9A-A8CD-64E3C593726A}.Debug|iPhone.ActiveCfg = Debug|Any CPU
		{54179BB6-39FD-4C9A-A8CD-64E3C593726A}.Debug|iPhone.Build.0 = Debug|Any CPU
		{54179BB6-39FD-4C9A-A8CD-64E3C593726A}.Debug|iPhoneSimulator.ActiveCfg = Debug|Any CPU
		{54179BB6-39FD-4C9A-A8CD-64E3C593726A}.Debug|iPhoneSimulator.Build.0 = Debug|Any CPU
		{54179BB6-39FD-4C9A-A8CD-64E3C593726A}.Release|Any CPU.ActiveCfg = Release|Any CPU
		{54179BB6-39FD-4C9A-A8CD-64E3C593726A}.Release|Any CPU.Build.0 = Release|Any CPU
		{54179BB6-39FD-4C9A-A8CD-64E3C593726A}.Release|iPhone.ActiveCfg = Release|Any CPU
		{54179BB6-39FD-4C9A-A8CD-64E3C593726A}.Release|iPhone.Build.0 = Release|Any CPU
		{54179BB6-39FD-4C9A-A8CD-64E3C593726A}.Release|iPhoneSimulator.ActiveCfg = Release|Any CPU
		{54179BB6-39FD-4C9A-A8CD-64E3C593726A}.Release|iPhoneSimulator.Build.0 = Release|Any CPU
		{32EE2D70-BFA0-49B1-9E50-A1EE3A57B8A5}.Ad-Hoc|Any CPU.ActiveCfg = Release|Any CPU
		{32EE2D70-BFA0-49B1-9E50-A1EE3A57B8A5}.Ad-Hoc|Any CPU.Build.0 = Release|Any CPU
		{32EE2D70-BFA0-49B1-9E50-A1EE3A57B8A5}.Ad-Hoc|Any CPU.Deploy.0 = Release|Any CPU
		{32EE2D70-BFA0-49B1-9E50-A1EE3A57B8A5}.Ad-Hoc|iPhone.ActiveCfg = Release|Any CPU
		{32EE2D70-BFA0-49B1-9E50-A1EE3A57B8A5}.Ad-Hoc|iPhone.Build.0 = Release|Any CPU
		{32EE2D70-BFA0-49B1-9E50-A1EE3A57B8A5}.Ad-Hoc|iPhone.Deploy.0 = Release|Any CPU
		{32EE2D70-BFA0-49B1-9E50-A1EE3A57B8A5}.Ad-Hoc|iPhoneSimulator.ActiveCfg = Release|Any CPU
		{32EE2D70-BFA0-49B1-9E50-A1EE3A57B8A5}.Ad-Hoc|iPhoneSimulator.Build.0 = Release|Any CPU
		{32EE2D70-BFA0-49B1-9E50-A1EE3A57B8A5}.Ad-Hoc|iPhoneSimulator.Deploy.0 = Release|Any CPU
		{32EE2D70-BFA0-49B1-9E50-A1EE3A57B8A5}.AppStore|Any CPU.ActiveCfg = Release|Any CPU
		{32EE2D70-BFA0-49B1-9E50-A1EE3A57B8A5}.AppStore|Any CPU.Build.0 = Release|Any CPU
		{32EE2D70-BFA0-49B1-9E50-A1EE3A57B8A5}.AppStore|Any CPU.Deploy.0 = Release|Any CPU
		{32EE2D70-BFA0-49B1-9E50-A1EE3A57B8A5}.AppStore|iPhone.ActiveCfg = Release|Any CPU
		{32EE2D70-BFA0-49B1-9E50-A1EE3A57B8A5}.AppStore|iPhone.Build.0 = Release|Any CPU
		{32EE2D70-BFA0-49B1-9E50-A1EE3A57B8A5}.AppStore|iPhone.Deploy.0 = Release|Any CPU
		{32EE2D70-BFA0-49B1-9E50-A1EE3A57B8A5}.AppStore|iPhoneSimulator.ActiveCfg = Release|Any CPU
		{32EE2D70-BFA0-49B1-9E50-A1EE3A57B8A5}.AppStore|iPhoneSimulator.Build.0 = Release|Any CPU
		{32EE2D70-BFA0-49B1-9E50-A1EE3A57B8A5}.AppStore|iPhoneSimulator.Deploy.0 = Release|Any CPU
		{32EE2D70-BFA0-49B1-9E50-A1EE3A57B8A5}.Debug|Any CPU.ActiveCfg = Debug|Any CPU
		{32EE2D70-BFA0-49B1-9E50-A1EE3A57B8A5}.Debug|Any CPU.Build.0 = Debug|Any CPU
		{32EE2D70-BFA0-49B1-9E50-A1EE3A57B8A5}.Debug|Any CPU.Deploy.0 = Debug|Any CPU
		{32EE2D70-BFA0-49B1-9E50-A1EE3A57B8A5}.Debug|iPhone.ActiveCfg = Debug|Any CPU
		{32EE2D70-BFA0-49B1-9E50-A1EE3A57B8A5}.Debug|iPhone.Build.0 = Debug|Any CPU
		{32EE2D70-BFA0-49B1-9E50-A1EE3A57B8A5}.Debug|iPhone.Deploy.0 = Debug|Any CPU
		{32EE2D70-BFA0-49B1-9E50-A1EE3A57B8A5}.Debug|iPhoneSimulator.ActiveCfg = Debug|Any CPU
		{32EE2D70-BFA0-49B1-9E50-A1EE3A57B8A5}.Debug|iPhoneSimulator.Build.0 = Debug|Any CPU
		{32EE2D70-BFA0-49B1-9E50-A1EE3A57B8A5}.Debug|iPhoneSimulator.Deploy.0 = Debug|Any CPU
		{32EE2D70-BFA0-49B1-9E50-A1EE3A57B8A5}.Release|Any CPU.ActiveCfg = Release|Any CPU
		{32EE2D70-BFA0-49B1-9E50-A1EE3A57B8A5}.Release|Any CPU.Build.0 = Release|Any CPU
		{32EE2D70-BFA0-49B1-9E50-A1EE3A57B8A5}.Release|Any CPU.Deploy.0 = Release|Any CPU
		{32EE2D70-BFA0-49B1-9E50-A1EE3A57B8A5}.Release|iPhone.ActiveCfg = Release|Any CPU
		{32EE2D70-BFA0-49B1-9E50-A1EE3A57B8A5}.Release|iPhone.Build.0 = Release|Any CPU
		{32EE2D70-BFA0-49B1-9E50-A1EE3A57B8A5}.Release|iPhone.Deploy.0 = Release|Any CPU
		{32EE2D70-BFA0-49B1-9E50-A1EE3A57B8A5}.Release|iPhoneSimulator.ActiveCfg = Release|Any CPU
		{32EE2D70-BFA0-49B1-9E50-A1EE3A57B8A5}.Release|iPhoneSimulator.Build.0 = Release|Any CPU
		{32EE2D70-BFA0-49B1-9E50-A1EE3A57B8A5}.Release|iPhoneSimulator.Deploy.0 = Release|Any CPU
		{439F3A6B-C17B-4125-A5D7-12BD6CC40173}.Ad-Hoc|Any CPU.ActiveCfg = Ad-Hoc|iPhone
		{439F3A6B-C17B-4125-A5D7-12BD6CC40173}.Ad-Hoc|iPhone.ActiveCfg = Ad-Hoc|iPhone
		{439F3A6B-C17B-4125-A5D7-12BD6CC40173}.Ad-Hoc|iPhone.Build.0 = Ad-Hoc|iPhone
		{439F3A6B-C17B-4125-A5D7-12BD6CC40173}.Ad-Hoc|iPhoneSimulator.ActiveCfg = Ad-Hoc|iPhoneSimulator
		{439F3A6B-C17B-4125-A5D7-12BD6CC40173}.Ad-Hoc|iPhoneSimulator.Build.0 = Ad-Hoc|iPhoneSimulator
		{439F3A6B-C17B-4125-A5D7-12BD6CC40173}.AppStore|Any CPU.ActiveCfg = AppStore|iPhone
		{439F3A6B-C17B-4125-A5D7-12BD6CC40173}.AppStore|iPhone.ActiveCfg = AppStore|iPhone
		{439F3A6B-C17B-4125-A5D7-12BD6CC40173}.AppStore|iPhone.Build.0 = AppStore|iPhone
		{439F3A6B-C17B-4125-A5D7-12BD6CC40173}.AppStore|iPhoneSimulator.ActiveCfg = AppStore|iPhoneSimulator
		{439F3A6B-C17B-4125-A5D7-12BD6CC40173}.AppStore|iPhoneSimulator.Build.0 = AppStore|iPhoneSimulator
		{439F3A6B-C17B-4125-A5D7-12BD6CC40173}.Debug|Any CPU.ActiveCfg = Debug|iPhone
		{439F3A6B-C17B-4125-A5D7-12BD6CC40173}.Debug|iPhone.ActiveCfg = Debug|iPhone
		{439F3A6B-C17B-4125-A5D7-12BD6CC40173}.Debug|iPhone.Build.0 = Debug|iPhone
		{439F3A6B-C17B-4125-A5D7-12BD6CC40173}.Debug|iPhoneSimulator.ActiveCfg = Debug|iPhoneSimulator
		{439F3A6B-C17B-4125-A5D7-12BD6CC40173}.Debug|iPhoneSimulator.Build.0 = Debug|iPhoneSimulator
		{439F3A6B-C17B-4125-A5D7-12BD6CC40173}.Release|Any CPU.ActiveCfg = Release|iPhone
		{439F3A6B-C17B-4125-A5D7-12BD6CC40173}.Release|iPhone.ActiveCfg = Release|iPhone
		{439F3A6B-C17B-4125-A5D7-12BD6CC40173}.Release|iPhone.Build.0 = Release|iPhone
		{439F3A6B-C17B-4125-A5D7-12BD6CC40173}.Release|iPhoneSimulator.ActiveCfg = Release|iPhoneSimulator
		{439F3A6B-C17B-4125-A5D7-12BD6CC40173}.Release|iPhoneSimulator.Build.0 = Release|iPhoneSimulator
	EndGlobalSection
	GlobalSection(SolutionProperties) = preSolution
		HideSolutionNode = FALSE
	EndGlobalSection
	GlobalSection(NestedProjects) = preSolution
		{54179BB6-39FD-4C9A-A8CD-64E3C593726A} = {528CBF6E-E354-4CED-A348-8F2BF5DC6667}
		{32EE2D70-BFA0-49B1-9E50-A1EE3A57B8A5} = {528CBF6E-E354-4CED-A348-8F2BF5DC6667}
		{439F3A6B-C17B-4125-A5D7-12BD6CC40173} = {528CBF6E-E354-4CED-A348-8F2BF5DC6667}
	EndGlobalSection
	GlobalSection(ExtensibilityGlobals) = postSolution
		SolutionGuid = {3EA7EB69-72E3-43EB-AEF6-1EC7973E7F42}
	EndGlobalSection
EndGlobal
